
Microsoft Visual Studio Solution File, Format Version 12.00
# Visual Studio Version 17
VisualStudioVersion = 17.7.34024.191
MinimumVisualStudioVersion = 10.0.40219.1
Project("{FAE04EC0-301F-11D3-BF4B-00C04F79EFBC}") = "GrpcGreeterClient", "GrpcGreeterClient\GrpcGreeterClient.csproj", "{D641659A-6E2A-42D3-83C8-2F033BD25329}"
EndProject
Global
	GlobalSection(SolutionConfigurationPlatforms) = preSolution
		Debug|Any CPU = Debug|Any CPU
		Release|Any CPU = Release|Any CPU
	EndGlobalSection
	GlobalSection(ProjectConfigurationPlatforms) = postSolution
		{D641659A-6E2A-42D3-83C8-2F033BD25329}.Debug|Any CPU.ActiveCfg = Debug|Any CPU
		{D641659A-6E2A-42D3-83C8-2F033BD25329}.Debug|Any CPU.Build.0 = Debug|Any CPU
		{D641659A-6E2A-42D3-83C8-2F033BD25329}.Release|Any CPU.ActiveCfg = Release|Any CPU
		{D641659A-6E2A-42D3-83C8-2F033BD25329}.Release|Any CPU.Build.0 = Release|Any CPU
	EndGlobalSection
	GlobalSection(SolutionProperties) = preSolution
		HideSolutionNode = FALSE
	EndGlobalSection
	GlobalSection(ExtensibilityGlobals) = postSolution
		SolutionGuid = {1FC483CD-D992-4316-A19B-60AC1C7A398E}
	EndGlobalSection
EndGlobal
